---
version: 0.7.5
groups:
  default:
    dependencies:
    - aopalliance:aopalliance:jar:1.0
    - asm:asm:jar:3.1
    - com.google.code.findbugs:jsr305:jar:1.3.9
    - com.google.guava:guava:jar:11.0.2
    - com.google.inject.extensions:guice-servlet:jar:3.0
    - com.google.inject:guice:jar:3.0
    - com.google.protobuf:protobuf-java:jar:2.5.0
    - com.jamesmurty.utils:java-xmlbuilder:jar:0.4
    - com.jcraft:jsch:jar:0.1.42
    - com.sun.jersey.contribs:jersey-guice:jar:1.9
    - com.sun.jersey:jersey-core:jar:1.9
    - com.sun.jersey:jersey-json:jar:1.9
    - com.sun.jersey:jersey-server:jar:1.9
    - com.sun.xml.bind:jaxb-impl:jar:2.2.3-1
    - com.thoughtworks.paranamer:paranamer:jar:2.3
    - commons-beanutils:commons-beanutils-core:jar:1.8.0
    - commons-beanutils:commons-beanutils:jar:1.7.0
    - commons-cli:commons-cli:jar:1.2
    - commons-codec:commons-codec:jar:1.4
    - commons-collections:commons-collections:jar:3.2.1
    - commons-configuration:commons-configuration:jar:1.6
    - commons-digester:commons-digester:jar:1.8
    - commons-el:commons-el:jar:1.0
    - commons-httpclient:commons-httpclient:jar:3.1
    - commons-io:commons-io:jar:2.4
    - commons-lang:commons-lang:jar:2.6
    - commons-logging:commons-logging:jar:1.1.3
    - commons-net:commons-net:jar:3.1
    - io.netty:netty:jar:3.6.2.Final
    - javax.activation:activation:jar:1.1
    - javax.inject:javax.inject:jar:1
    - javax.servlet.jsp:jsp-api:jar:2.1
    - javax.servlet:servlet-api:jar:2.5
    - javax.xml.bind:jaxb-api:jar:2.2.2
    - javax.xml.stream:stax-api:jar:1.0-2
    - jdk.tools:jdk.tools:jar:1.7
    - log4j:log4j:jar:1.2.17
    - net.java.dev.jets3t:jets3t:jar:0.9.0
    - org.apache.avro:avro:jar:1.7.4
    - org.apache.commons:commons-compress:jar:1.4.1
    - org.apache.commons:commons-math3:jar:3.1.1
    - org.apache.hadoop:hadoop-annotations:jar:2.4.0
    - org.apache.hadoop:hadoop-auth:jar:2.4.0
    - org.apache.hadoop:hadoop-common:jar:2.4.0
    - org.apache.hadoop:hadoop-mapreduce-client-core:jar:2.4.0
    - org.apache.hadoop:hadoop-yarn-api:jar:2.4.0
    - org.apache.hadoop:hadoop-yarn-common:jar:2.4.0
    - org.apache.httpcomponents:httpclient:jar:4.1.2
    - org.apache.httpcomponents:httpcore:jar:4.1.2
    - org.apache.zookeeper:zookeeper:jar:3.4.5
    - org.codehaus.jackson:jackson-core-asl:jar:1.8.8
    - org.codehaus.jackson:jackson-jaxrs:jar:1.8.3
    - org.codehaus.jackson:jackson-mapper-asl:jar:1.8.8
    - org.codehaus.jackson:jackson-xc:jar:1.8.3
    - org.codehaus.jettison:jettison:jar:1.1
    - org.mortbay.jetty:jetty-util:jar:6.1.26
    - org.mortbay.jetty:jetty:jar:6.1.26
    - org.slf4j:slf4j-api:jar:1.7.5
    - org.slf4j:slf4j-log4j12:jar:1.7.5
    - org.tukaani:xz:jar:1.0
    - org.xerial.snappy:snappy-java:jar:1.0.4.1
    - tomcat:jasper-compiler:jar:5.5.23
    - tomcat:jasper-runtime:jar:5.5.23
    - xmlenc:xmlenc:jar:0.52
    artifacts:
    - jar:org.apache.hadoop:hadoop-mapreduce-client-core:jar:2.4.0:
        transitive:
          com.google.inject.extensions:guice-servlet:jar:3.0: {}
          org.apache.hadoop:hadoop-yarn-common:jar:2.4.0:
            javax.xml.bind:jaxb-api:jar:2.2.2:
              javax.xml.stream:stax-api:jar:1.0-2: {}
              javax.activation:activation:jar:1.1: {}
            com.google.inject:guice:jar:3.0:
              aopalliance:aopalliance:jar:1.0: {}
              javax.inject:javax.inject:jar:1: {}
            com.sun.jersey.contribs:jersey-guice:jar:1.9: {}
            org.apache.hadoop:hadoop-yarn-api:jar:2.4.0: {}
          io.netty:netty:jar:3.6.2.Final: {}
    - jar:org.apache.hadoop:hadoop-common:jar:2.4.0:
        transitive:
          org.apache.hadoop:hadoop-auth:jar:2.4.0: {}
          com.jcraft:jsch:jar:0.1.42: {}
          com.sun.jersey:jersey-server:jar:1.9:
            asm:asm:jar:3.1: {}
          org.apache.commons:commons-math3:jar:3.1.1: {}
          org.apache.zookeeper:zookeeper:jar:3.4.5: {}
          com.sun.jersey:jersey-core:jar:1.9: {}
          org.slf4j:slf4j-log4j12:jar:1.7.5: {}
          com.google.guava:guava:jar:11.0.2: {}
          org.apache.avro:avro:jar:1.7.4:
            org.xerial.snappy:snappy-java:jar:1.0.4.1: {}
            com.thoughtworks.paranamer:paranamer:jar:2.3: {}
          javax.servlet.jsp:jsp-api:jar:2.1: {}
          org.codehaus.jackson:jackson-core-asl:jar:1.8.8: {}
          commons-cli:commons-cli:jar:1.2: {}
          com.google.code.findbugs:jsr305:jar:1.3.9: {}
          org.mortbay.jetty:jetty-util:jar:6.1.26: {}
          xmlenc:xmlenc:jar:0.52: {}
          org.apache.hadoop:hadoop-annotations:jar:2.4.0:
            jdk.tools:jdk.tools:jar:1.7: {}
          commons-el:commons-el:jar:1.0: {}
          org.apache.commons:commons-compress:jar:1.4.1:
            org.tukaani:xz:jar:1.0: {}
          javax.servlet:servlet-api:jar:2.5: {}
          com.sun.jersey:jersey-json:jar:1.9:
            org.codehaus.jackson:jackson-jaxrs:jar:1.8.3: {}
            com.sun.xml.bind:jaxb-impl:jar:2.2.3-1: {}
            org.codehaus.jackson:jackson-xc:jar:1.8.3: {}
            org.codehaus.jettison:jettison:jar:1.1: {}
          net.java.dev.jets3t:jets3t:jar:0.9.0:
            com.jamesmurty.utils:java-xmlbuilder:jar:0.4: {}
            org.apache.httpcomponents:httpclient:jar:4.1.2: {}
            org.apache.httpcomponents:httpcore:jar:4.1.2: {}
          commons-lang:commons-lang:jar:2.6: {}
          tomcat:jasper-compiler:jar:5.5.23: {}
          commons-collections:commons-collections:jar:3.2.1: {}
          org.codehaus.jackson:jackson-mapper-asl:jar:1.8.8: {}
          tomcat:jasper-runtime:jar:5.5.23: {}
          commons-logging:commons-logging:jar:1.1.3: {}
          com.google.protobuf:protobuf-java:jar:2.5.0: {}
          org.mortbay.jetty:jetty:jar:6.1.26: {}
          commons-httpclient:commons-httpclient:jar:3.1: {}
          org.slf4j:slf4j-api:jar:1.7.5: {}
          commons-net:commons-net:jar:3.1: {}
          commons-io:commons-io:jar:2.4: {}
          commons-codec:commons-codec:jar:1.4: {}
          commons-configuration:commons-configuration:jar:1.6:
            commons-beanutils:commons-beanutils-core:jar:1.8.0: {}
            commons-digester:commons-digester:jar:1.8:
              commons-beanutils:commons-beanutils:jar:1.7.0: {}
          log4j:log4j:jar:1.2.17: {}
